
Microsoft Visual Studio Solution File, Format Version 12.00
# Visual Studio 2015
Project("{FAE04EC0-301F-11D3-BF4B-00C04F79EFBC}") = "prototype4.CSharp.Plugins", "prototype4.CSharp.Plugins.csproj", "{E6564B8A-2DB2-3BBA-0C4C-9A36CD37C358}"
EndProject
Project("{FAE04EC0-301F-11D3-BF4B-00C04F79EFBC}") = "prototype4.CSharp", "prototype4.CSharp.csproj", "{B7447760-5238-80C1-A229-CEAA367D0B2B}"
EndProject
Project("{FAE04EC0-301F-11D3-BF4B-00C04F79EFBC}") = "prototype4.CSharp.Editor", "prototype4.CSharp.Editor.csproj", "{2639ED3D-5BCE-55B7-DF1C-AF5E70E0C83F}"
EndProject
Global
	GlobalSection(SolutionConfigurationPlatforms) = preSolution
		Debug|Any CPU = Debug|Any CPU
		Release|Any CPU = Release|Any CPU
	EndGlobalSection
	GlobalSection(ProjectConfigurationPlatforms) = postSolution
		{E6564B8A-2DB2-3BBA-0C4C-9A36CD37C358}.Debug|Any CPU.ActiveCfg = Debug|Any CPU
		{E6564B8A-2DB2-3BBA-0C4C-9A36CD37C358}.Debug|Any CPU.Build.0 = Debug|Any CPU
		{E6564B8A-2DB2-3BBA-0C4C-9A36CD37C358}.Release|Any CPU.ActiveCfg = Release|Any CPU
		{E6564B8A-2DB2-3BBA-0C4C-9A36CD37C358}.Release|Any CPU.Build.0 = Release|Any CPU
		{B7447760-5238-80C1-A229-CEAA367D0B2B}.Debug|Any CPU.ActiveCfg = Debug|Any CPU
		{B7447760-5238-80C1-A229-CEAA367D0B2B}.Debug|Any CPU.Build.0 = Debug|Any CPU
		{B7447760-5238-80C1-A229-CEAA367D0B2B}.Release|Any CPU.ActiveCfg = Release|Any CPU
		{B7447760-5238-80C1-A229-CEAA367D0B2B}.Release|Any CPU.Build.0 = Release|Any CPU
		{2639ED3D-5BCE-55B7-DF1C-AF5E70E0C83F}.Debug|Any CPU.ActiveCfg = Debug|Any CPU
		{2639ED3D-5BCE-55B7-DF1C-AF5E70E0C83F}.Debug|Any CPU.Build.0 = Debug|Any CPU
		{2639ED3D-5BCE-55B7-DF1C-AF5E70E0C83F}.Release|Any CPU.ActiveCfg = Release|Any CPU
		{2639ED3D-5BCE-55B7-DF1C-AF5E70E0C83F}.Release|Any CPU.Build.0 = Release|Any CPU
	EndGlobalSection
	GlobalSection(SolutionProperties) = preSolution
		HideSolutionNode = FALSE
	EndGlobalSection
EndGlobal
